// !$*UTF8*$!
{
	archiveVersion = 1;
	classes = {
	};
	objectVersion = 50;
	objects = {

/* Begin PBXBuildFile section */
		55E11707B28DC9214BBC988B /* Pods_webServices.framework in Frameworks */ = {isa = PBXBuildFile; fileRef = EEC8A4EE019950A2814E5D0C /* Pods_webServices.framework */; };
		DD0A0468219DB4630027C7D3 /* AppDelegate.swift in Sources */ = {isa = PBXBuildFile; fileRef = DD0A0467219DB4630027C7D3 /* AppDelegate.swift */; };
		DD0A046A219DB4630027C7D3 /* ViewController.swift in Sources */ = {isa = PBXBuildFile; fileRef = DD0A0469219DB4630027C7D3 /* ViewController.swift */; };
		DD0A046D219DB4640027C7D3 /* Main.storyboard in Resources */ = {isa = PBXBuildFile; fileRef = DD0A046B219DB4640027C7D3 /* Main.storyboard */; };
		DD0A046F219DB4660027C7D3 /* Assets.xcassets in Resources */ = {isa = PBXBuildFile; fileRef = DD0A046E219DB4660027C7D3 /* Assets.xcassets */; };
		DD0A0472219DB4660027C7D3 /* LaunchScreen.storyboard in Resources */ = {isa = PBXBuildFile; fileRef = DD0A0470219DB4660027C7D3 /* LaunchScreen.storyboard */; };
/* End PBXBuildFile section */

/* Begin PBXFileReference section */
		3A02DD72F7D62582FF6CA491 /* Pods-webServices.debug.xcconfig */ = {isa = PBXFileReference; includeInIndex = 1; lastKnownFileType = text.xcconfig; name = "Pods-webServices.debug.xcconfig"; path = "Pods/Target Support Files/Pods-webServices/Pods-webServices.debug.xcconfig"; sourceTree = "<group>"; };
		A62256FE4AA680CD59597F86 /* Pods-webServices.release.xcconfig */ = {isa = PBXFileReference; includeInIndex = 1; lastKnownFileType = text.xcconfig; name = "Pods-webServices.release.xcconfig"; path = "Pods/Target Support Files/Pods-webServices/Pods-webServices.release.xcconfig"; sourceTree = "<group>"; };
		DD0A0464219DB4630027C7D3 /* webServices.app */ = {isa = PBXFileReference; explicitFileType = wrapper.application; includeInIndex = 0; path = webServices.app; sourceTree = BUILT_PRODUCTS_DIR; };
		DD0A0467219DB4630027C7D3 /* AppDelegate.swift */ = {isa = PBXFileReference; lastKnownFileType = sourcecode.swift; path = AppDelegate.swift; sourceTree = "<group>"; };
		DD0A0469219DB4630027C7D3 /* ViewController.swift */ = {isa = PBXFileReference; lastKnownFileType = sourcecode.swift; path = ViewController.swift; sourceTree = "<group>"; };
		DD0A046C219DB4640027C7D3 /* Base */ = {isa = PBXFileReference; lastKnownFileType = file.storyboard; name = Base; path = Base.lproj/Main.storyboard; sourceTree = "<group>"; };
		DD0A046E219DB4660027C7D3 /* Assets.xcassets */ = {isa = PBXFileReference; lastKnownFileType = folder.assetcatalog; path = Assets.xcassets; sourceTree = "<group>"; };
		DD0A0471219DB4660027C7D3 /* Base */ = {isa = PBXFileReference; lastKnownFileType = file.storyboard; name = Base; path = Base.lproj/LaunchScreen.storyboard; sourceTree = "<group>"; };
		DD0A0473219DB4660027C7D3 /* Info.plist */ = {isa = PBXFileReference; lastKnownFileType = text.plist.xml; path = Info.plist; sourceTree = "<group>"; };
		EEC8A4EE019950A2814E5D0C /* Pods_webServices.framework */ = {isa = PBXFileReference; explicitFileType = wrapper.framework; includeInIndex = 0; path = Pods_webServices.framework; sourceTree = BUILT_PRODUCTS_DIR; };
/* End PBXFileReference section */

/* Begin PBXFrameworksBuildPhase section */
		DD0A0461219DB4630027C7D3 /* Frameworks */ = {
			isa = PBXFrameworksBuildPhase;
			buildActionMask = 2147483647;
			files = (
				55E11707B28DC9214BBC988B /* Pods_webServices.framework in Frameworks */,
			);
			runOnlyForDeploymentPostprocessing = 0;
		};
/* End PBXFrameworksBuildPhase section */

/* Begin PBXGroup section */
		84BC0489B899BFEE55614B10 /* Pods */ = {
			isa = PBXGroup;
			children = (
				3A02DD72F7D62582FF6CA491 /* Pods-webServices.debug.xcconfig */,
				A62256FE4AA680CD59597F86 /* Pods-webServices.release.xcconfig */,
			);
			name = Pods;
			sourceTree = "<group>";
		};
		A4C78B1249A346D973AC58CD /* Frameworks */ = {
			isa = PBXGroup;
			children = (
				EEC8A4EE019950A2814E5D0C /* Pods_webServices.framework */,
			);
			name = Frameworks;
			sourceTree = "<group>";
		};
		DD0A045B219DB4630027C7D3 = {
			isa = PBXGroup;
			children = (
				DD0A0466219DB4630027C7D3 /* webServices */,
				DD0A0465219DB4630027C7D3 /* Products */,
				84BC0489B899BFEE55614B10 /* Pods */,
				A4C78B1249A346D973AC58CD /* Frameworks */,
			);
			sourceTree = "<group>";
		};
		DD0A0465219DB4630027C7D3 /* Products */ = {
			isa = PBXGroup;
			children = (
				DD0A0464219DB4630027C7D3 /* webServices.app */,
			);
			name = Products;
			sourceTree = "<group>";
		};
		DD0A0466219DB4630027C7D3 /* webServices */ = {
			isa = PBXGroup;
			children = (
				DD0A0467219DB4630027C7D3 /* AppDelegate.swift */,
				DD0A0469219DB4630027C7D3 /* ViewController.swift */,
				DD0A046B219DB4640027C7D3 /* Main.storyboard */,
				DD0A046E219DB4660027C7D3 /* Assets.xcassets */,
				DD0A0470219DB4660027C7D3 /* LaunchScreen.storyboard */,
				DD0A0473219DB4660027C7D3 /* Info.plist */,
			);
			path = webServices;
			sourceTree = "<group>";
		};
/* End PBXGroup section */

/* Begin PBXNativeTarget section */
		DD0A0463219DB4630027C7D3 /* webServices */ = {
			isa = PBXNativeTarget;
			buildConfigurationList = DD0A0476219DB4660027C7D3 /* Build configuration list for PBXNativeTarget "webServices" */;
			buildPhases = (
				D5C3ADCD946DA70C72234E6C /* [CP] Check Pods Manifest.lock */,
				DD0A0460219DB4630027C7D3 /* Sources */,
				DD0A0461219DB4630027C7D3 /* Frameworks */,
				DD0A0462219DB4630027C7D3 /* Resources */,
				9D47C86FC0D1935EAE654D15 /* [CP] Embed Pods Frameworks */,
			);
			buildRules = (
			);
			dependencies = (
			);
			name = webServices;
			productName = webServices;
			productReference = DD0A0464219DB4630027C7D3 /* webServices.app */;
			productType = "com.apple.product-type.application";
		};
/* End PBXNativeTarget section */

/* Begin PBXProject section */
		DD0A045C219DB4630027C7D3 /* Project object */ = {
			isa = PBXProject;
			attributes = {
				LastSwiftUpdateCheck = 1000;
				LastUpgradeCheck = 1000;
				ORGANIZATIONNAME = sivakumar;
				TargetAttributes = {
					DD0A0463219DB4630027C7D3 = {
						CreatedOnToolsVersion = 10.0;
					};
				};
			};
			buildConfigurationList = DD0A045F219DB4630027C7D3 /* Build configuration list for PBXProject "webServices" */;
			compatibilityVersion = "Xcode 9.3";
			developmentRegion = en;
			hasScannedForEncodings = 0;
			knownRegions = (
				en,
				Base,
			);
			mainGroup = DD0A045B219DB4630027C7D3;
			productRefGroup = DD0A0465219DB4630027C7D3 /* Products */;
			projectDirPath = "";
			projectRoot = "";
			targets = (
				DD0A0463219DB4630027C7D3 /* webServices */,
			);
		};
/* End PBXProject section */

/* Begin PBXResourcesBuildPhase section */
		DD0A0462219DB4630027C7D3 /* Resources */ = {
			isa = PBXResourcesBuildPhase;
			buildActionMask = 2147483647;
			files = (
				DD0A0472219DB4660027C7D3 /* LaunchScreen.storyboard in Resources */,
				DD0A046F219DB4660027C7D3 /* Assets.xcassets in Resources */,
				DD0A046D219DB4640027C7D3 /* Main.storyboard in Resources */,
			);
			runOnlyForDeploymentPostprocessing = 0;
		};
/* End PBXResourcesBuildPhase section */

/* Begin PBXShellScriptBuildPhase section */
		9D47C86FC0D1935EAE654D15 /* [CP] Embed Pods Frameworks */ = {
			isa = PBXShellScriptBuildPhase;
			buildActionMask = 2147483647;
			files = (
			);
			inputFileListPaths = (
			);
			inputPaths = (
				"${SRCROOT}/Pods/Target Support Files/Pods-webServices/Pods-webServices-frameworks.sh",
				"${BUILT_PRODUCTS_DIR}/Alamofire/Alamofire.framework",
				"${BUILT_PRODUCTS_DIR}/SwiftyJSON/SwiftyJSON.framework",
			);
			name = "[CP] Embed Pods Frameworks";
			outputFileListPaths = (
			);
			outputPaths = (
				"${TARGET_BUILD_DIR}/${FRAMEWORKS_FOLDER_PATH}/Alamofire.framework",
				"${TARGET_BUILD_DIR}/${FRAMEWORKS_FOLDER_PATH}/SwiftyJSON.framework",
			);
			runOnlyForDeploymentPostprocessing = 0;
			shellPath = /bin/sh;
			shellScript = "\"${SRCROOT}/Pods/Target Support Files/Pods-webServices/Pods-webServices-frameworks.sh\"\n";
			showEnvVarsInLog = 0;
		};
		D5C3ADCD946DA70C72234E6C /* [CP] Check Pods Manifest.lock */ = {
			isa = PBXShellScriptBuildPhase;
			buildActionMask = 2147483647;
			files = (
			);
			inputFileListPaths = (
			);
			inputPaths = (
				"${PODS_PODFILE_DIR_PATH}/Podfile.lock",
				"${PODS_ROOT}/Manifest.lock",
			);
			name = "[CP] Check Pods Manifest.lock";
			outputFileListPaths = (
			);
			outputPaths = (
				"$(DERIVED_FILE_DIR)/Pods-webServices-checkManifestLockResult.txt",
			);
			runOnlyForDeploymentPostprocessing = 0;
			shellPath = /bin/sh;
			shellScript = "diff \"${PODS_PODFILE_DIR_PATH}/Podfile.lock\" \"${PODS_ROOT}/Manifest.lock\" > /dev/null\nif [ $? != 0 ] ; then\n    # print error to STDERR\n    echo \"error: The sandbox is not in sync with the Podfile.lock. Run 'pod install' or update your CocoaPods installation.\" >&2\n    exit 1\nfi\n# This output is used by Xcode 'outputs' to avoid re-running this script phase.\necho \"SUCCESS\" > \"${SCRIPT_OUTPUT_FILE_0}\"\n";
			showEnvVarsInLog = 0;
		};
/* End PBXShellScriptBuildPhase section */

/* Begin PBXSourcesBuildPhase section */
		DD0A0460219DB4630027C7D3 /* Sources */ = {
			isa = PBXSourcesBuildPhase;
			buildActionMask = 2147483647;
			files = (
				DD0A046A219DB4630027C7D3 /* ViewController.swift in Sources */,
				DD0A0468219DB4630027C7D3 /* AppDelegate.swift in Sources */,
			);
			runOnlyForDeploymentPostprocessing = 0;
		};
/* End PBXSourcesBuildPhase section */

/* Begin PBXVariantGroup section */
		DD0A046B219DB4640027C7D3 /* Main.storyboard */ = {
			isa = PBXVariantGroup;
			children = (
				DD0A046C219DB4640027C7D3 /* Base */,
			);
			name = Main.storyboard;
			sourceTree = "<group>";
		};
		DD0A0470219DB4660027C7D3 /* LaunchScreen.storyboard */ = {
			isa = PBXVariantGroup;
			children = (
				DD0A0471219DB4660027C7D3 /* Base */,
			);
			name = LaunchScreen.storyboard;
			sourceTree = "<group>";
		};
/* End PBXVariantGroup section */

/* Begin XCBuildConfiguration section */
		DD0A0474219DB4660027C7D3 /* Debug */ = {
			isa = XCBuildConfiguration;
			buildSettings = {
				ALWAYS_SEARCH_USER_PATHS = NO;
				CLANG_ANALYZER_NONNULL = YES;
				CLANG_ANALYZER_NUMBER_OBJECT_CONVERSION = YES_AGGRESSIVE;
				CLANG_CXX_LANGUAGE_STANDARD = "gnu++14";
				CLANG_CXX_LIBRARY = "libc++";
				CLANG_ENABLE_MODULES = YES;
				CLANG_ENABLE_OBJC_ARC = YES;
				CLANG_ENABLE_OBJC_WEAK = YES;
				CLANG_WARN_BLOCK_CAPTURE_AUTORELEASING = YES;
				CLANG_WARN_BOOL_CONVERSION = YES;
				CLANG_WARN_COMMA = YES;
				CLANG_WARN_CONSTANT_CONVERSION = YES;
				CLANG_WARN_DEPRECATED_OBJC_IMPLEMENTATIONS = YES;
				CLANG_WARN_DIRECT_OBJC_ISA_USAGE = YES_ERROR;
				CLANG_WARN_DOCUMENTATION_COMMENTS = YES;
				CLANG_WARN_EMPTY_BODY = YES;
				CLANG_WARN_ENUM_CONVERSION = YES;
				CLANG_WARN_INFINITE_RECURSION = YES;
				CLANG_WARN_INT_CONVERSION = YES;
				CLANG_WARN_NON_LITERAL_NULL_CONVERSION = YES;
				CLANG_WARN_OBJC_IMPLICIT_RETAIN_SELF = YES;
				CLANG_WARN_OBJC_LITERAL_CONVERSION = YES;
				CLANG_WARN_OBJC_ROOT_CLASS = YES_ERROR;
				CLANG_WARN_RANGE_LOOP_ANALYSIS = YES;
				CLANG_WARN_STRICT_PROTOTYPES = YES;
				CLANG_WARN_SUSPICIOUS_MOVE = YES;
				CLANG_WARN_UNGUARDED_AVAILABILITY = YES_AGGRESSIVE;
				CLANG_WARN_UNREACHABLE_CODE = YES;
				CLANG_WARN__DUPLICATE_METHOD_MATCH = YES;
				CODE_SIGN_IDENTITY = "iPhone Developer";
				COPY_PHASE_STRIP = NO;
				DEBUG_INFORMATION_FORMAT = dwarf;
				ENABLE_STRICT_OBJC_MSGSEND = YES;
				ENABLE_TESTABILITY = YES;
				GCC_C_LANGUAGE_STANDARD = gnu11;
				GCC_DYNAMIC_NO_PIC = NO;
				GCC_NO_COMMON_BLOCKS = YES;
				GCC_OPTIMIZATION_LEVEL = 0;
				GCC_PREPROCESSOR_DEFINITIONS = (
					"DEBUG=1",
					"$(inherited)",
				);
				GCC_WARN_64_TO_32_BIT_CONVERSION = YES;
				GCC_WARN_ABOUT_RETURN_TYPE = YES_ERROR;
				GCC_WARN_UNDECLARED_SELECTOR = YES;
				GCC_WARN_UNINITIALIZED_AUTOS = YES_AGGRESSIVE;
				GCC_WARN_UNUSED_FUNCTION = YES;
				GCC_WARN_UNUSED_VARIABLE = YES;
				IPHONEOS_DEPLOYMENT_TARGET = 12.0;
				MTL_ENABLE_DEBUG_INFO = INCLUDE_SOURCE;
				MTL_FAST_MATH = YES;
				ONLY_ACTIVE_ARCH = YES;
				SDKROOT = iphoneos;
				SWIFT_ACTIVE_COMPILATION_CONDITIONS = DEBUG;
				SWIFT_OPTIMIZATION_LEVEL = "-Onone";
			};
			name = Debug;
		};
		DD0A0475219DB4660027C7D3 /* Release */ = {
			isa = XCBuildConfiguration;
			buildSettings = {
				ALWAYS_SEARCH_USER_PATHS = NO;
				CLANG_ANALYZER_NONNULL = YES;
				CLANG_ANALYZER_NUMBER_OBJECT_CONVERSION = YES_AGGRESSIVE;
				CLANG_CXX_LANGUAGE_STANDARD = "gnu++14";
				CLANG_CXX_LIBRARY = "libc++";
				CLANG_ENABLE_MODULES = YES;
				CLANG_ENABLE_OBJC_ARC = YES;
				CLANG_ENABLE_OBJC_WEAK = YES;
				CLANG_WARN_BLOCK_CAPTURE_AUTORELEASING = YES;
				CLANG_WARN_BOOL_CONVERSION = YES;
				CLANG_WARN_COMMA = YES;
				CLANG_WARN_CONSTANT_CONVERSION = YES;
				CLANG_WARN_DEPRECATED_OBJC_IMPLEMENTATIONS = YES;
				CLANG_WARN_DIRECT_OBJC_ISA_USAGE = YES_ERROR;
				CLANG_WARN_DOCUMENTATION_COMMENTS = YES;
				CLANG_WARN_EMPTY_BODY = YES;
				CLANG_WARN_ENUM_CONVERSION = YES;
				CLANG_WARN_INFINITE_RECURSION = YES;
				CLANG_WARN_INT_CONVERSION = YES;
				CLANG_WARN_NON_LITERAL_NULL_CONVERSION = YES;
				CLANG_WARN_OBJC_IMPLICIT_RETAIN_SELF = YES;
				CLANG_WARN_OBJC_LITERAL_CONVERSION = YES;
				CLANG_WARN_OBJC_ROOT_CLASS = YES_ERROR;
				CLANG_WARN_RANGE_LOOP_ANALYSIS = YES;
				CLANG_WARN_STRICT_PROTOTYPES = YES;
				CLANG_WARN_SUSPICIOUS_MOVE = YES;
				CLANG_WARN_UNGUARDED_AVAILABILITY = YES_AGGRESSIVE;
				CLANG_WARN_UNREACHABLE_CODE = YES;
				CLANG_WARN__DUPLICATE_METHOD_MATCH = YES;
				CODE_SIGN_IDENTITY = "iPhone Developer";
				COPY_PHASE_STRIP = NO;
				DEBUG_INFORMATION_FORMAT = "dwarf-with-dsym";
				ENABLE_NS_ASSERTIONS = NO;
				ENABLE_STRICT_OBJC_MSGSEND = YES;
				GCC_C_LANGUAGE_STANDARD = gnu11;
				GCC_NO_COMMON_BLOCKS = YES;
				GCC_WARN_64_TO_32_BIT_CONVERSION = YES;
				GCC_WARN_ABOUT_RETURN_TYPE = YES_ERROR;
				GCC_WARN_UNDECLARED_SELECTOR = YES;
				GCC_WARN_UNINITIALIZED_AUTOS = YES_AGGRESSIVE;
				GCC_WARN_UNUSED_FUNCTION = YES;
				GCC_WARN_UNUSED_VARIABLE = YES;
				IPHONEOS_DEPLOYMENT_TARGET = 12.0;
				MTL_ENABLE_DEBUG_INFO = NO;
				MTL_FAST_MATH = YES;
				SDKROOT = iphoneos;
				SWIFT_COMPILATION_MODE = wholemodule;
				SWIFT_OPTIMIZATION_LEVEL = "-O";
				VALIDATE_PRODUCT = YES;
			};
			name = Release;
		};
		DD0A0477219DB4660027C7D3 /* Debug */ = {
			isa = XCBuildConfiguration;
			baseConfigurationReference = 3A02DD72F7D62582FF6CA491 /* Pods-webServices.debug.xcconfig */;
			buildSettings = {
				ASSETCATALOG_COMPILER_APPICON_NAME = AppIcon;
				CODE_SIGN_STYLE = Automatic;
				DEVELOPMENT_TEAM = 7H2A5JN63R;
				INFOPLIST_FILE = webServices/Info.plist;
				LD_RUNPATH_SEARCH_PATHS = (
					"$(inherited)",
					"@executable_path/Frameworks",
				);
				PRODUCT_BUNDLE_IDENTIFIER = sss.webServices;
				PRODUCT_NAME = "$(TARGET_NAME)";
				SWIFT_VERSION = 4.2;
				TARGETED_DEVICE_FAMILY = "1,2";
			};
			name = Debug;
		};
		DD0A0478219DB4660027C7D3 /* Release */ = {
			isa = XCBuildConfiguration;
			baseConfigurationReference = A62256FE4AA680CD59597F86 /* Pods-webServices.release.xcconfig */;
			buildSettings = {
				ASSETCATALOG_COMPILER_APPICON_NAME = AppIcon;
				CODE_SIGN_STYLE = Automatic;
				DEVELOPMENT_TEAM = 7H2A5JN63R;
				INFOPLIST_FILE = webServices/Info.plist;
				LD_RUNPATH_SEARCH_PATHS = (
					"$(inherited)",
					"@executable_path/Frameworks",
				);
				PRODUCT_BUNDLE_IDENTIFIER = sss.webServices;
				PRODUCT_NAME = "$(TARGET_NAME)";
				SWIFT_VERSION = 4.2;
				TARGETED_DEVICE_FAMILY = "1,2";
			};
			name = Release;
		};
/* End XCBuildConfiguration section */

/* Begin XCConfigurationList section */
		DD0A045F219DB4630027C7D3 /* Build configuration list for PBXProject "webServices" */ = {
			isa = XCConfigurationList;
			buildConfigurations = (
				DD0A0474219DB4660027C7D3 /* Debug */,
				DD0A0475219DB4660027C7D3 /* Release */,
			);
			defaultConfigurationIsVisible = 0;
			defaultConfigurationName = Release;
		};
		DD0A0476219DB4660027C7D3 /* Build configuration list for PBXNativeTarget "webServices" */ = {
			isa = XCConfigurationList;
			buildConfigurations = (
				DD0A0477219DB4660027C7D3 /* Debug */,
				DD0A0478219DB4660027C7D3 /* Release */,
			);
			defaultConfigurationIsVisible = 0;
			defaultConfigurationName = Release;
		};
/* End XCConfigurationList section */
	};
	rootObject = DD0A045C219DB4630027C7D3 /* Project object */;
}
